
Microsoft Visual Studio Solution File, Format Version 12.00
# Visual Studio Version 16
VisualStudioVersion = 16.0.30413.136
MinimumVisualStudioVersion = 10.0.40219.1
Project("{FAE04EC0-301F-11D3-BF4B-00C04F79EFBC}") = "FluentApiExample", "FluentApiExample\FluentApiExample.csproj", "{38E8C23B-B9BE-4CB2-A72C-8930563F29B3}"
EndProject
Global
	GlobalSection(SolutionConfigurationPlatforms) = preSolution
		Debug|Any CPU = Debug|Any CPU
		Release|Any CPU = Release|Any CPU
	EndGlobalSection
	GlobalSection(ProjectConfigurationPlatforms) = postSolution
		{38E8C23B-B9BE-4CB2-A72C-8930563F29B3}.Debug|Any CPU.ActiveCfg = Debug|Any CPU
		{38E8C23B-B9BE-4CB2-A72C-8930563F29B3}.Debug|Any CPU.Build.0 = Debug|Any CPU
		{38E8C23B-B9BE-4CB2-A72C-8930563F29B3}.Release|Any CPU.ActiveCfg = Release|Any CPU
		{38E8C23B-B9BE-4CB2-A72C-8930563F29B3}.Release|Any CPU.Build.0 = Release|Any CPU
	EndGlobalSection
	GlobalSection(SolutionProperties) = preSolution
		HideSolutionNode = FALSE
	EndGlobalSection
	GlobalSection(ExtensibilityGlobals) = postSolution
		SolutionGuid = {39796182-E122-49BB-8407-D571342B52CB}
	EndGlobalSection
EndGlobal
